
Microsoft Visual Studio Solution File, Format Version 12.00
# Visual Studio Version 17
VisualStudioVersion = 17.4.33213.308
MinimumVisualStudioVersion = 10.0.40219.1
Project("{FAE04EC0-301F-11D3-BF4B-00C04F79EFBC}") = "Emulator", "Emulator\Emulator.csproj", "{BF2FDDA8-41BC-400C-A6EA-A24D61A977EE}"
EndProject
Global
	GlobalSection(SolutionConfigurationPlatforms) = preSolution
		Debug|Any CPU = Debug|Any CPU
		Release|Any CPU = Release|Any CPU
	EndGlobalSection
	GlobalSection(ProjectConfigurationPlatforms) = postSolution
		{BF2FDDA8-41BC-400C-A6EA-A24D61A977EE}.Debug|Any CPU.ActiveCfg = Debug|Any CPU
		{BF2FDDA8-41BC-400C-A6EA-A24D61A977EE}.Debug|Any CPU.Build.0 = Debug|Any CPU
		{BF2FDDA8-41BC-400C-A6EA-A24D61A977EE}.Release|Any CPU.ActiveCfg = Release|Any CPU
		{BF2FDDA8-41BC-400C-A6EA-A24D61A977EE}.Release|Any CPU.Build.0 = Release|Any CPU
	EndGlobalSection
	GlobalSection(SolutionProperties) = preSolution
		HideSolutionNode = FALSE
	EndGlobalSection
	GlobalSection(ExtensibilityGlobals) = postSolution
		SolutionGuid = {85C1F14E-BD3D-410D-A8E0-A2AA81E8BF2E}
	EndGlobalSection
EndGlobal
